version = 1
revision = 3
requires-python = ">=3.9"
resolution-markers = [
    "python_full_version >= '3.12' and sys_platform == 'darwin'",
    "python_full_version >= '3.12' and platform_machine == 'aarch64' and sys_platform == 'linux'",
    "(python_full_version >= '3.12' and platform_machine != 'aarch64' and sys_platform == 'linux') or (python_full_version >= '3.12' and sys_platform != 'darwin' and sys_platform != 'linux')",
    "python_full_version == '3.11.*' and sys_platform == 'darwin'",
    "python_full_version == '3.11.*' and platform_machine == 'aarch64' and sys_platform == 'linux'",
    "(python_full_version == '3.11.*' and platform_machine != 'aarch64' and sys_platform == 'linux') or (python_full_version == '3.11.*' and sys_platform != 'darwin' and sys_platform != 'linux')",
    "python_full_version == '3.10.*' and sys_platform == 'darwin'",
    "python_full_version == '3.10.*' and platform_machine == 'aarch64' and sys_platform == 'linux'",
    "(python_full_version == '3.10.*' and platform_machine != 'aarch64' and sys_platform == 'linux') or (python_full_version == '3.10.*' and sys_platform != 'darwin' and sys_platform != 'linux')",
    "python_full_version < '3.10' and platform_machine == 'arm64' and sys_platform == 'darwin'",
    "python_full_version < '3.10' and platform_machine == 'aarch64' and sys_platform == 'linux'",
    "(python_full_version < '3.10' and platform_machine != 'arm64' and sys_platform == 'darwin') or (python_full_version < '3.10' and platform_machine != 'aarch64' and sys_platform == 'linux') or (python_full_version < '3.10' and sys_platform != 'darwin' and sys_platform != 'linux')",
]

[[package]]
name = "joblib"
version = "1.5.3"
source = { registry = "https://pypi.org/simple" }
sdist = { url = "https://files.pythonhosted.org/packages/41/f2/d34e8b3a08a9cc79a50b2208a93dce981fe615b64d5a4d4abee421d898df/joblib-1.5.3.tar.gz", hash = "sha256:8561a3269e6801106863fd0d6d84bb737be9e7631e33aaed3fb9ce5953688da3", size = 331603, upload-time = "2025-12-15T08:41:46.427Z" }
wheels = [
    { url = "https://files.pythonhosted.org/packages/7b/91/984aca2ec129e2757d1e4e3c81c3fcda9d0f85b74670a094cc443d9ee949/joblib-1.5.3-py3-none-any.whl", hash = "sha256:5fc3c5039fc5ca8c0276333a188bbd59d6b7ab37fe6632daa76bc7f9ec18e713", size = 309071, upload-time = "2025-12-15T08:41:44.973Z" },
]

[[package]]
name = "numpy"
version = "1.23.0"
source = { registry = "https://pypi.org/simple" }
sdist = { url = "https://files.pythonhosted.org/packages/03/c6/14a17e10813b8db20d1e800ff9a3a898e65d25f2b0e9d6a94616f1e3362c/numpy-1.23.0.tar.gz", hash = "sha256:bd3fa4fe2e38533d5336e1272fc4e765cabbbde144309ccee8675509d5cd7b05", size = 10714532, upload-time = "2022-06-22T22:26:20.384Z" }
wheels = [
    { url = "https://files.pythonhosted.org/packages/86/65/fe6f20a40d05fc909cab9c3c17f259b03a1fbf87a6b3a7b92ca0376582e8/numpy-1.23.0-cp310-cp310-macosx_10_9_x86_64.whl", hash = "sha256:58bfd40eb478f54ff7a5710dd61c8097e169bc36cc68333d00a9bcd8def53b38", size = 18104449, upload-time = "2022-06-22T22:13:34.426Z" },
    { url = "https://files.pythonhosted.org/packages/e6/aa/323e1cf4f25025c6f67dcf179db754142f92847c9d592599dc01b78de460/numpy-1.23.0-cp310-cp310-macosx_11_0_arm64.whl", hash = "sha256:196cd074c3f97c4121601790955f915187736f9cf458d3ee1f1b46aff2b1ade0", size = 13338216, upload-time = "2022-06-22T22:13:55.015Z" },
    { url = "https://files.pythonhosted.org/packages/85/f9/06e90e66b9c4148ef044329da0a1c8e4f76bbf8f618a8367470f531b6433/numpy-1.23.0-cp310-cp310-manylinux_2_17_aarch64.manylinux2014_aarch64.whl", hash = "sha256:f1d88ef79e0a7fa631bb2c3dda1ea46b32b1fe614e10fedd611d3d5398447f2f", size = 13920917, upload-time = "2022-06-22T22:14:16.077Z" },
    { url = "https://files.pythonhosted.org/packages/7a/88/8404fbe4f6472e4e54106a8faacae1279a244422bc88f5ee3e33ba2dd72b/numpy-1.23.0-cp310-cp310-manylinux_2_17_x86_64.manylinux2014_x86_64.whl", hash = "sha256:d54b3b828d618a19779a84c3ad952e96e2c2311b16384e973e671aa5be1f6187", size = 17033638, upload-time = "2022-06-22T22:14:41.454Z" },
    { url = "https://files.pythonhosted.org/packages/0a/fb/03f410814f9321761f25faa257554671ff77c1a746e4641002ad90972773/numpy-1.23.0-cp310-cp310-win32.whl", hash = "sha256:2b2da66582f3a69c8ce25ed7921dcd8010d05e59ac8d89d126a299be60421171", size = 12187497, upload-time = "2022-06-22T22:15:01.164Z" },
    { url = "https://files.pythonhosted.org/packages/34/1c/1c9ec57f522822e7507fb5cf69b153f857405518d8f50fa4ff94f43385be/numpy-1.23.0-cp310-cp310-win_amd64.whl", hash = "sha256:97a76604d9b0e79f59baeca16593c711fddb44936e40310f78bfef79ee9a835f", size = 14636971, upload-time = "2022-06-22T22:15:23.758Z" },
    { url = "https://files.pythonhosted.org/packages/af/e3/e2cbfbf5b36706416aea1f17ec4ef454360e8e0177782dda43befcb43177/numpy-1.23.0-cp39-cp39-macosx_10_9_x86_64.whl", hash = "sha256:1c29b44905af288b3919803aceb6ec7fec77406d8b08aaa2e8b9e63d0fe2f160", size = 18116972, upload-time = "2022-06-22T22:18:03.697Z" },
    { url = "https://files.pythonhosted.org/packages/8b/a5/6b5a75f87cb330460398e8c7be7399d9f1c75c9b1a73888d4952a50184b0/numpy-1.23.0-cp39-cp39-macosx_11_0_arm64.whl", hash = "sha256:98e8e0d8d69ff4d3fa63e6c61e8cfe2d03c29b16b58dbef1f9baa175bbed7860", size = 13347635, upload-time = "2022-06-22T22:18:23.69Z" },
    { url = "https://files.pythonhosted.org/packages/53/2e/acd76ea66fd4b5e02dd572101c2628a134f3fdedcaef10175dab2d5398aa/numpy-1.23.0-cp39-cp39-manylinux_2_17_aarch64.manylinux2014_aarch64.whl", hash = "sha256:79a506cacf2be3a74ead5467aee97b81fca00c9c4c8b3ba16dbab488cd99ba10", size = 13948410, upload-time = "2022-06-22T22:18:44.993Z" },
    { url = "https://files.pythonhosted.org/packages/da/0e/496e529f440f528273f6847e14d7b132b0556a824fc2af36e8afd8e6a020/numpy-1.23.0-cp39-cp39-manylinux_2_17_x86_64.manylinux2014_x86_64.whl", hash = "sha256:092f5e6025813e64ad6d1b52b519165d08c730d099c114a9247c9bb635a2a450", size = 17054599, upload-time = "2022-06-22T22:19:10.51Z" },
    { url = "https://files.pythonhosted.org/packages/b1/db/9125172436997928dd9987c1bf552513dc055bf4e302c747d9ae5ad473be/numpy-1.23.0-cp39-cp39-win32.whl", hash = "sha256:d6ca8dabe696c2785d0c8c9b0d8a9b6e5fdbe4f922bde70d57fa1a2848134f95", size = 12210982, upload-time = "2022-06-22T22:19:29.158Z" },
    { url = "https://files.pythonhosted.org/packages/aa/b2/a122ec818608b6020a8cdd7a9cc40896c5747aba8a6b4d36625e7927a540/numpy-1.23.0-cp39-cp39-win_amd64.whl", hash = "sha256:fc431493df245f3c627c0c05c2bd134535e7929dbe2e602b80e42bf52ff760bc", size = 14661922, upload-time = "2022-06-22T22:19:51.311Z" },
]

[[package]]
name = "opencv-python"
version = "4.7.0.72"
source = { registry = "https://pypi.org/simple" }
resolution-markers = [
    "python_full_version >= '3.12' and sys_platform == 'darwin'",
    "python_full_version >= '3.12' and platform_machine == 'aarch64' and sys_platform == 'linux'",
    "(python_full_version >= '3.12' and platform_machine != 'aarch64' and sys_platform == 'linux') or (python_full_version >= '3.12' and sys_platform != 'darwin' and sys_platform != 'linux')",
    "python_full_version == '3.11.*' and sys_platform == 'darwin'",
    "python_full_version == '3.11.*' and platform_machine == 'aarch64' and sys_platform == 'linux'",
    "(python_full_version == '3.11.*' and platform_machine != 'aarch64' and sys_platform == 'linux') or (python_full_version == '3.11.*' and sys_platform != 'darwin' and sys_platform != 'linux')",
]
dependencies = [
    { name = "numpy", marker = "python_full_version >= '3.11'" },
]
sdist = { url = "https://files.pythonhosted.org/packages/40/93/655af887bafece2a655998f53b9bd21ad94b0627d81d44aef35c79f40de6/opencv-python-4.7.0.72.tar.gz", hash = "sha256:3424794a711f33284581f3c1e4b071cfc827d02b99d6fd9a35391f517c453306", size = 91093645, upload-time = "2023-02-22T19:12:33.96Z" }
wheels = [
    { url = "https://files.pythonhosted.org/packages/1a/12/a94f6e1aa2d03a483c641da4e8ec20d511a3ece2a087bb3232192e6c6987/opencv_python-4.7.0.72-cp37-abi3-macosx_10_16_x86_64.whl", hash = "sha256:d4f8880440c433a0025d78804dda6901d1e8e541a561dda66892d90290aef881", size = 53880040, upload-time = "2023-02-22T19:12:36.406Z" },
    { url = "https://files.pythonhosted.org/packages/16/91/b55ca570e3a96d241a7e76bcfe2f73d219cda01411bbd4214e7d12d5f98c/opencv_python-4.7.0.72-cp37-abi3-macosx_11_0_arm64.whl", hash = "sha256:7a297e7651e22eb17c265ddbbc80e2ba2a8ff4f4a1696a67c45e5f5798245842", size = 32645481, upload-time = "2023-02-22T19:11:57.92Z" },
    { url = "https://files.pythonhosted.org/packages/9e/b9/0d479c9ce987ba3c894c08785a4a3c38651e8cb14800fbe788d3ed8d3c11/opencv_python-4.7.0.72-cp37-abi3-manylinux_2_17_aarch64.manylinux2014_aarch64.whl", hash = "sha256:cd08343654c6b88c5a8c25bf425f8025aed2e3189b4d7306b5861d32affaf737", size = 40381769, upload-time = "2023-02-22T19:11:24.269Z" },
    { url = "https://files.pythonhosted.org/packages/29/35/a791b550cdeb4efd8b66e921748f2aff938868a29794489d93575d604a02/opencv_python-4.7.0.72-cp37-abi3-manylinux_2_17_x86_64.manylinux2014_x86_64.whl", hash = "sha256:ebfc0a3a2f57716e709028b992e4de7fd8752105d7a768531c4f434043c6f9ff", size = 61828945, upload-time = "2023-02-22T19:12:26.214Z" },
    { url = "https://files.pythonhosted.org/packages/11/89/eb6a2a00e0e9382f4f18b468e7c18b12905704d167e31043705186218277/opencv_python-4.7.0.72-cp37-abi3-win32.whl", hash = "sha256:eda115797b114fc16ca6f182b91c5d984f0015c19bec3145e55d33d708e9bae1", size = 28237822, upload-time = "2023-02-22T19:11:39.445Z" },
    { url = "https://files.pythonhosted.org/packages/36/98/fab8d982e2e2b57bdebcad64c7e5b5a14ac91c657cac509b9cf3fbea49d2/opencv_python-4.7.0.72-cp37-abi3-win_amd64.whl", hash = "sha256:812af57553ec1c6709060c63f6b7e9ad07ddc0f592f3ccc6d00c71e0fe0e6376", size = 38163649, upload-time = "2023-02-22T19:11:44.542Z" },
]

[[package]]
name = "opencv-python"
version = "4.11.0.86"
source = { registry = "https://pypi.org/simple" }
resolution-markers = [
    "python_full_version == '3.10.*' and sys_platform == 'darwin'",
    "python_full_version == '3.10.*' and platform_machine == 'aarch64' and sys_platform == 'linux'",
    "(python_full_version == '3.10.*' and platform_machine != 'aarch64' and sys_platform == 'linux') or (python_full_version == '3.10.*' and sys_platform != 'darwin' and sys_platform != 'linux')",
    "python_full_version < '3.10' and platform_machine == 'arm64' and sys_platform == 'darwin'",
    "python_full_version < '3.10' and platform_machine == 'aarch64' and sys_platform == 'linux'",
    "(python_full_version < '3.10' and platform_machine != 'arm64' and sys_platform == 'darwin') or (python_full_version < '3.10' and platform_machine != 'aarch64' and sys_platform == 'linux') or (python_full_version < '3.10' and sys_platform != 'darwin' and sys_platform != 'linux')",
]
dependencies = [
    { name = "numpy", marker = "python_full_version < '3.11'" },
]
sdist = { url = "https://files.pythonhosted.org/packages/17/06/68c27a523103dad5837dc5b87e71285280c4f098c60e4fe8a8db6486ab09/opencv-python-4.11.0.86.tar.gz", hash = "sha256:03d60ccae62304860d232272e4a4fda93c39d595780cb40b161b310244b736a4", size = 95171956, upload-time = "2025-01-16T13:52:24.737Z" }
wheels = [
    { url = "https://files.pythonhosted.org/packages/05/4d/53b30a2a3ac1f75f65a59eb29cf2ee7207ce64867db47036ad61743d5a23/opencv_python-4.11.0.86-cp37-abi3-macosx_13_0_arm64.whl", hash = "sha256:432f67c223f1dc2824f5e73cdfcd9db0efc8710647d4e813012195dc9122a52a", size = 37326322, upload-time = "2025-01-16T13:52:25.887Z" },
    { url = "https://files.pythonhosted.org/packages/3b/84/0a67490741867eacdfa37bc18df96e08a9d579583b419010d7f3da8ff503/opencv_python-4.11.0.86-cp37-abi3-macosx_13_0_x86_64.whl", hash = "sha256:9d05ef13d23fe97f575153558653e2d6e87103995d54e6a35db3f282fe1f9c66", size = 56723197, upload-time = "2025-01-16T13:55:21.222Z" },
    { url = "https://files.pythonhosted.org/packages/f3/bd/29c126788da65c1fb2b5fb621b7fed0ed5f9122aa22a0868c5e2c15c6d23/opencv_python-4.11.0.86-cp37-abi3-manylinux_2_17_aarch64.manylinux2014_aarch64.whl", hash = "sha256:1b92ae2c8852208817e6776ba1ea0d6b1e0a1b5431e971a2a0ddd2a8cc398202", size = 42230439, upload-time = "2025-01-16T13:51:35.822Z" },
    { url = "https://files.pythonhosted.org/packages/2c/8b/90eb44a40476fa0e71e05a0283947cfd74a5d36121a11d926ad6f3193cc4/opencv_python-4.11.0.86-cp37-abi3-manylinux_2_17_x86_64.manylinux2014_x86_64.whl", hash = "sha256:6b02611523803495003bd87362db3e1d2a0454a6a63025dc6658a9830570aa0d", size = 62986597, upload-time = "2025-01-16T13:52:08.836Z" },
    { url = "https://files.pythonhosted.org/packages/fb/d7/1d5941a9dde095468b288d989ff6539dd69cd429dbf1b9e839013d21b6f0/opencv_python-4.11.0.86-cp37-abi3-win32.whl", hash = "sha256:810549cb2a4aedaa84ad9a1c92fbfdfc14090e2749cedf2c1589ad8359aa169b", size = 29384337, upload-time = "2025-01-16T13:52:13.549Z" },
    { url = "https://files.pythonhosted.org/packages/a4/7d/f1c30a92854540bf789e9cd5dde7ef49bbe63f855b85a2e6b3db8135c591/opencv_python-4.11.0.86-cp37-abi3-win_amd64.whl", hash = "sha256:085ad9b77c18853ea66283e98affefe2de8cc4c1f43eda4c100cf9b2721142ec", size = 39488044, upload-time = "2025-01-16T13:52:21.928Z" },
]

[[package]]
name = "primjer"
version = "0.1.0"
source = { virtual = "." }
dependencies = [
    { name = "joblib" },
    { name = "numpy" },
    { name = "opencv-python", version = "4.7.0.72", source = { registry = "https://pypi.org/simple" }, marker = "python_full_version >= '3.11'" },
    { name = "opencv-python", version = "4.11.0.86", source = { registry = "https://pypi.org/simple" }, marker = "python_full_version < '3.11'" },
    { name = "scikit-learn" },
    { name = "scipy" },
    { name = "threadpoolctl" },
]

[package.metadata]
requires-dist = [
    { name = "joblib", specifier = "==1.5.3" },
    { name = "numpy", specifier = "==1.23.0" },
    { name = "opencv-python", specifier = ">=4.7.0.72" },
    { name = "scikit-learn", specifier = "==1.6.1" },
    { name = "scipy", specifier = "==1.13.1" },
    { name = "threadpoolctl", specifier = "==3.6.0" },
]

[[package]]
name = "scikit-learn"
version = "1.6.1"
source = { registry = "https://pypi.org/simple" }
dependencies = [
    { name = "joblib" },
    { name = "numpy" },
    { name = "scipy" },
    { name = "threadpoolctl" },
]
sdist = { url = "https://files.pythonhosted.org/packages/9e/a5/4ae3b3a0755f7b35a280ac90b28817d1f380318973cff14075ab41ef50d9/scikit_learn-1.6.1.tar.gz", hash = "sha256:b4fc2525eca2c69a59260f583c56a7557c6ccdf8deafdba6e060f94c1c59738e", size = 7068312, upload-time = "2025-01-10T08:07:55.348Z" }
wheels = [
    { url = "https://files.pythonhosted.org/packages/2e/3a/f4597eb41049110b21ebcbb0bcb43e4035017545daa5eedcfeb45c08b9c5/scikit_learn-1.6.1-cp310-cp310-macosx_10_9_x86_64.whl", hash = "sha256:d056391530ccd1e501056160e3c9673b4da4805eb67eb2bdf4e983e1f9c9204e", size = 12067702, upload-time = "2025-01-10T08:05:56.515Z" },
    { url = "https://files.pythonhosted.org/packages/37/19/0423e5e1fd1c6ec5be2352ba05a537a473c1677f8188b9306097d684b327/scikit_learn-1.6.1-cp310-cp310-macosx_12_0_arm64.whl", hash = "sha256:0c8d036eb937dbb568c6242fa598d551d88fb4399c0344d95c001980ec1c7d36", size = 11112765, upload-time = "2025-01-10T08:06:00.272Z" },
    { url = "https://files.pythonhosted.org/packages/70/95/d5cb2297a835b0f5fc9a77042b0a2d029866379091ab8b3f52cc62277808/scikit_learn-1.6.1-cp310-cp310-manylinux_2_17_aarch64.manylinux2014_aarch64.whl", hash = "sha256:8634c4bd21a2a813e0a7e3900464e6d593162a29dd35d25bdf0103b3fce60ed5", size = 12643991, upload-time = "2025-01-10T08:06:04.813Z" },
    { url = "https://files.pythonhosted.org/packages/b7/91/ab3c697188f224d658969f678be86b0968ccc52774c8ab4a86a07be13c25/scikit_learn-1.6.1-cp310-cp310-manylinux_2_17_x86_64.manylinux2014_x86_64.whl", hash = "sha256:775da975a471c4f6f467725dff0ced5c7ac7bda5e9316b260225b48475279a1b", size = 13497182, upload-time = "2025-01-10T08:06:08.42Z" },
    { url = "https://files.pythonhosted.org/packages/17/04/d5d556b6c88886c092cc989433b2bab62488e0f0dafe616a1d5c9cb0efb1/scikit_learn-1.6.1-cp310-cp310-win_amd64.whl", hash = "sha256:8a600c31592bd7dab31e1c61b9bbd6dea1b3433e67d264d17ce1017dbdce8002", size = 11125517, upload-time = "2025-01-10T08:06:12.783Z" },
    { url = "https://files.pythonhosted.org/packages/6c/2a/e291c29670795406a824567d1dfc91db7b699799a002fdaa452bceea8f6e/scikit_learn-1.6.1-cp311-cp311-macosx_10_9_x86_64.whl", hash = "sha256:72abc587c75234935e97d09aa4913a82f7b03ee0b74111dcc2881cba3c5a7b33", size = 12102620, upload-time = "2025-01-10T08:06:16.675Z" },
    { url = "https://files.pythonhosted.org/packages/25/92/ee1d7a00bb6b8c55755d4984fd82608603a3cc59959245068ce32e7fb808/scikit_learn-1.6.1-cp311-cp311-macosx_12_0_arm64.whl", hash = "sha256:b3b00cdc8f1317b5f33191df1386c0befd16625f49d979fe77a8d44cae82410d", size = 11116234, upload-time = "2025-01-10T08:06:21.83Z" },
    { url = "https://files.pythonhosted.org/packages/30/cd/ed4399485ef364bb25f388ab438e3724e60dc218c547a407b6e90ccccaef/scikit_learn-1.6.1-cp311-cp311-manylinux_2_17_aarch64.manylinux2014_aarch64.whl", hash = "sha256:dc4765af3386811c3ca21638f63b9cf5ecf66261cc4815c1db3f1e7dc7b79db2", size = 12592155, upload-time = "2025-01-10T08:06:27.309Z" },
    { url = "https://files.pythonhosted.org/packages/a8/f3/62fc9a5a659bb58a03cdd7e258956a5824bdc9b4bb3c5d932f55880be569/scikit_learn-1.6.1-cp311-cp311-manylinux_2_17_x86_64.manylinux2014_x86_64.whl", hash = "sha256:25fc636bdaf1cc2f4a124a116312d837148b5e10872147bdaf4887926b8c03d8", size = 13497069, upload-time = "2025-01-10T08:06:32.515Z" },
    { url = "https://files.pythonhosted.org/packages/a1/a6/c5b78606743a1f28eae8f11973de6613a5ee87366796583fb74c67d54939/scikit_learn-1.6.1-cp311-cp311-win_amd64.whl", hash = "sha256:fa909b1a36e000a03c382aade0bd2063fd5680ff8b8e501660c0f59f021a6415", size = 11139809, upload-time = "2025-01-10T08:06:35.514Z" },
    { url = "https://files.pythonhosted.org/packages/0a/18/c797c9b8c10380d05616db3bfb48e2a3358c767affd0857d56c2eb501caa/scikit_learn-1.6.1-cp312-cp312-macosx_10_13_x86_64.whl", hash = "sha256:926f207c804104677af4857b2c609940b743d04c4c35ce0ddc8ff4f053cddc1b", size = 12104516, upload-time = "2025-01-10T08:06:40.009Z" },
    { url = "https://files.pythonhosted.org/packages/c4/b7/2e35f8e289ab70108f8cbb2e7a2208f0575dc704749721286519dcf35f6f/scikit_learn-1.6.1-cp312-cp312-macosx_12_0_arm64.whl", hash = "sha256:2c2cae262064e6a9b77eee1c8e768fc46aa0b8338c6a8297b9b6759720ec0ff2", size = 11167837, upload-time = "2025-01-10T08:06:43.305Z" },
    { url = "https://files.pythonhosted.org/packages/a4/f6/ff7beaeb644bcad72bcfd5a03ff36d32ee4e53a8b29a639f11bcb65d06cd/scikit_learn-1.6.1-cp312-cp312-manylinux_2_17_aarch64.manylinux2014_aarch64.whl", hash = "sha256:1061b7c028a8663fb9a1a1baf9317b64a257fcb036dae5c8752b2abef31d136f", size = 12253728, upload-time = "2025-01-10T08:06:47.618Z" },
    { url = "https://files.pythonhosted.org/packages/29/7a/8bce8968883e9465de20be15542f4c7e221952441727c4dad24d534c6d99/scikit_learn-1.6.1-cp312-cp312-manylinux_2_17_x86_64.manylinux2014_x86_64.whl", hash = "sha256:2e69fab4ebfc9c9b580a7a80111b43d214ab06250f8a7ef590a4edf72464dd86", size = 13147700, upload-time = "2025-01-10T08:06:50.888Z" },
    { url = "https://files.pythonhosted.org/packages/62/27/585859e72e117fe861c2079bcba35591a84f801e21bc1ab85bce6ce60305/scikit_learn-1.6.1-cp312-cp312-win_amd64.whl", hash = "sha256:70b1d7e85b1c96383f872a519b3375f92f14731e279a7b4c6cfd650cf5dffc52", size = 11110613, upload-time = "2025-01-10T08:06:54.115Z" },
    { url = "https://files.pythonhosted.org/packages/2e/59/8eb1872ca87009bdcdb7f3cdc679ad557b992c12f4b61f9250659e592c63/scikit_learn-1.6.1-cp313-cp313-macosx_10_13_x86_64.whl", hash = "sha256:2ffa1e9e25b3d93990e74a4be2c2fc61ee5af85811562f1288d5d055880c4322", size = 12010001, upload-time = "2025-01-10T08:06:58.613Z" },
    { url = "https://files.pythonhosted.org/packages/9d/05/f2fc4effc5b32e525408524c982c468c29d22f828834f0625c5ef3d601be/scikit_learn-1.6.1-cp313-cp313-macosx_12_0_arm64.whl", hash = "sha256:dc5cf3d68c5a20ad6d571584c0750ec641cc46aeef1c1507be51300e6003a7e1", size = 11096360, upload-time = "2025-01-10T08:07:01.556Z" },
    { url = "https://files.pythonhosted.org/packages/c8/e4/4195d52cf4f113573fb8ebc44ed5a81bd511a92c0228889125fac2f4c3d1/scikit_learn-1.6.1-cp313-cp313-manylinux_2_17_aarch64.manylinux2014_aarch64.whl", hash = "sha256:c06beb2e839ecc641366000ca84f3cf6fa9faa1777e29cf0c04be6e4d096a348", size = 12209004, upload-time = "2025-01-10T08:07:06.931Z" },
    { url = "https://files.pythonhosted.org/packages/94/be/47e16cdd1e7fcf97d95b3cb08bde1abb13e627861af427a3651fcb80b517/scikit_learn-1.6.1-cp313-cp313-manylinux_2_17_x86_64.manylinux2014_x86_64.whl", hash = "sha256:e8ca8cb270fee8f1f76fa9bfd5c3507d60c6438bbee5687f81042e2bb98e5a97", size = 13171776, upload-time = "2025-01-10T08:07:11.715Z" },
    { url = "https://files.pythonhosted.org/packages/34/b0/ca92b90859070a1487827dbc672f998da95ce83edce1270fc23f96f1f61a/scikit_learn-1.6.1-cp313-cp313-win_amd64.whl", hash = "sha256:7a1c43c8ec9fde528d664d947dc4c0789be4077a3647f232869f41d9bf50e0fb", size = 11071865, upload-time = "2025-01-10T08:07:16.088Z" },
    { url = "https://files.pythonhosted.org/packages/12/ae/993b0fb24a356e71e9a894e42b8a9eec528d4c70217353a1cd7a48bc25d4/scikit_learn-1.6.1-cp313-cp313t-macosx_10_13_x86_64.whl", hash = "sha256:a17c1dea1d56dcda2fac315712f3651a1fea86565b64b48fa1bc090249cbf236", size = 11955804, upload-time = "2025-01-10T08:07:20.385Z" },
    { url = "https://files.pythonhosted.org/packages/d6/54/32fa2ee591af44507eac86406fa6bba968d1eb22831494470d0a2e4a1eb1/scikit_learn-1.6.1-cp313-cp313t-macosx_12_0_arm64.whl", hash = "sha256:6a7aa5f9908f0f28f4edaa6963c0a6183f1911e63a69aa03782f0d924c830a35", size = 11100530, upload-time = "2025-01-10T08:07:23.675Z" },
    { url = "https://files.pythonhosted.org/packages/3f/58/55856da1adec655bdce77b502e94a267bf40a8c0b89f8622837f89503b5a/scikit_learn-1.6.1-cp313-cp313t-manylinux_2_17_x86_64.manylinux2014_x86_64.whl", hash = "sha256:0650e730afb87402baa88afbf31c07b84c98272622aaba002559b614600ca691", size = 12433852, upload-time = "2025-01-10T08:07:26.817Z" },
    { url = "https://files.pythonhosted.org/packages/ff/4f/c83853af13901a574f8f13b645467285a48940f185b690936bb700a50863/scikit_learn-1.6.1-cp313-cp313t-win_amd64.whl", hash = "sha256:3f59fe08dc03ea158605170eb52b22a105f238a5d512c4470ddeca71feae8e5f", size = 11337256, upload-time = "2025-01-10T08:07:31.084Z" },
    { url = "https://files.pythonhosted.org/packages/d2/37/b305b759cc65829fe1b8853ff3e308b12cdd9d8884aa27840835560f2b42/scikit_learn-1.6.1-cp39-cp39-macosx_10_9_x86_64.whl", hash = "sha256:6849dd3234e87f55dce1db34c89a810b489ead832aaf4d4550b7ea85628be6c1", size = 12101868, upload-time = "2025-01-10T08:07:34.189Z" },
    { url = "https://files.pythonhosted.org/packages/83/74/f64379a4ed5879d9db744fe37cfe1978c07c66684d2439c3060d19a536d8/scikit_learn-1.6.1-cp39-cp39-macosx_12_0_arm64.whl", hash = "sha256:e7be3fa5d2eb9be7d77c3734ff1d599151bb523674be9b834e8da6abe132f44e", size = 11144062, upload-time = "2025-01-10T08:07:37.67Z" },
    { url = "https://files.pythonhosted.org/packages/fd/dc/d5457e03dc9c971ce2b0d750e33148dd060fefb8b7dc71acd6054e4bb51b/scikit_learn-1.6.1-cp39-cp39-manylinux_2_17_aarch64.manylinux2014_aarch64.whl", hash = "sha256:44a17798172df1d3c1065e8fcf9019183f06c87609b49a124ebdf57ae6cb0107", size = 12693173, upload-time = "2025-01-10T08:07:42.713Z" },
    { url = "https://files.pythonhosted.org/packages/79/35/b1d2188967c3204c78fa79c9263668cf1b98060e8e58d1a730fe5b2317bb/scikit_learn-1.6.1-cp39-cp39-manylinux_2_17_x86_64.manylinux2014_x86_64.whl", hash = "sha256:b8b7a3b86e411e4bce21186e1c180d792f3d99223dcfa3b4f597ecc92fa1a422", size = 13518605, upload-time = "2025-01-10T08:07:46.551Z" },
    { url = "https://files.pythonhosted.org/packages/fb/d8/8d603bdd26601f4b07e2363032b8565ab82eb857f93d86d0f7956fcf4523/scikit_learn-1.6.1-cp39-cp39-win_amd64.whl", hash = "sha256:7a73d457070e3318e32bdb3aa79a8d990474f19035464dfd8bede2883ab5dc3b", size = 11155078, upload-time = "2025-01-10T08:07:51.376Z" },
]

[[package]]
name = "scipy"
version = "1.13.1"
source = { registry = "https://pypi.org/simple" }
dependencies = [
    { name = "numpy" },
]
sdist = { url = "https://files.pythonhosted.org/packages/ae/00/48c2f661e2816ccf2ecd77982f6605b2950afe60f60a52b4cbbc2504aa8f/scipy-1.13.1.tar.gz", hash = "sha256:095a87a0312b08dfd6a6155cbbd310a8c51800fc931b8c0b84003014b874ed3c", size = 57210720, upload-time = "2024-05-23T03:29:26.079Z" }
wheels = [
    { url = "https://files.pythonhosted.org/packages/33/59/41b2529908c002ade869623b87eecff3e11e3ce62e996d0bdcb536984187/scipy-1.13.1-cp310-cp310-macosx_10_9_x86_64.whl", hash = "sha256:20335853b85e9a49ff7572ab453794298bcf0354d8068c5f6775a0eabf350aca", size = 39328076, upload-time = "2024-05-23T03:19:01.687Z" },
    { url = "https://files.pythonhosted.org/packages/d5/33/f1307601f492f764062ce7dd471a14750f3360e33cd0f8c614dae208492c/scipy-1.13.1-cp310-cp310-macosx_12_0_arm64.whl", hash = "sha256:d605e9c23906d1994f55ace80e0125c587f96c020037ea6aa98d01b4bd2e222f", size = 30306232, upload-time = "2024-05-23T03:19:09.089Z" },
    { url = "https://files.pythonhosted.org/packages/c0/66/9cd4f501dd5ea03e4a4572ecd874936d0da296bd04d1c45ae1a4a75d9c3a/scipy-1.13.1-cp310-cp310-manylinux_2_17_aarch64.manylinux2014_aarch64.whl", hash = "sha256:cfa31f1def5c819b19ecc3a8b52d28ffdcc7ed52bb20c9a7589669dd3c250989", size = 33743202, upload-time = "2024-05-23T03:19:15.138Z" },
    { url = "https://files.pythonhosted.org/packages/a3/ba/7255e5dc82a65adbe83771c72f384d99c43063648456796436c9a5585ec3/scipy-1.13.1-cp310-cp310-manylinux_2_17_x86_64.manylinux2014_x86_64.whl", hash = "sha256:f26264b282b9da0952a024ae34710c2aff7d27480ee91a2e82b7b7073c24722f", size = 38577335, upload-time = "2024-05-23T03:19:21.984Z" },
    { url = "https://files.pythonhosted.org/packages/49/a5/bb9ded8326e9f0cdfdc412eeda1054b914dfea952bda2097d174f8832cc0/scipy-1.13.1-cp310-cp310-musllinux_1_1_x86_64.whl", hash = "sha256:eccfa1906eacc02de42d70ef4aecea45415f5be17e72b61bafcfd329bdc52e94", size = 38820728, upload-time = "2024-05-23T03:19:28.225Z" },
    { url = "https://files.pythonhosted.org/packages/12/30/df7a8fcc08f9b4a83f5f27cfaaa7d43f9a2d2ad0b6562cced433e5b04e31/scipy-1.13.1-cp310-cp310-win_amd64.whl", hash = "sha256:2831f0dc9c5ea9edd6e51e6e769b655f08ec6db6e2e10f86ef39bd32eb11da54", size = 46210588, upload-time = "2024-05-23T03:19:35.661Z" },
    { url = "https://files.pythonhosted.org/packages/b4/15/4a4bb1b15bbd2cd2786c4f46e76b871b28799b67891f23f455323a0cdcfb/scipy-1.13.1-cp311-cp311-macosx_10_9_x86_64.whl", hash = "sha256:27e52b09c0d3a1d5b63e1105f24177e544a222b43611aaf5bc44d4a0979e32f9", size = 39333805, upload-time = "2024-05-23T03:19:43.081Z" },
    { url = "https://files.pythonhosted.org/packages/ba/92/42476de1af309c27710004f5cdebc27bec62c204db42e05b23a302cb0c9a/scipy-1.13.1-cp311-cp311-macosx_12_0_arm64.whl", hash = "sha256:54f430b00f0133e2224c3ba42b805bfd0086fe488835effa33fa291561932326", size = 30317687, upload-time = "2024-05-23T03:19:48.799Z" },
    { url = "https://files.pythonhosted.org/packages/80/ba/8be64fe225360a4beb6840f3cbee494c107c0887f33350d0a47d55400b01/scipy-1.13.1-cp311-cp311-manylinux_2_17_aarch64.manylinux2014_aarch64.whl", hash = "sha256:e89369d27f9e7b0884ae559a3a956e77c02114cc60a6058b4e5011572eea9299", size = 33694638, upload-time = "2024-05-23T03:19:55.104Z" },
    { url = "https://files.pythonhosted.org/packages/36/07/035d22ff9795129c5a847c64cb43c1fa9188826b59344fee28a3ab02e283/scipy-1.13.1-cp311-cp311-manylinux_2_17_x86_64.manylinux2014_x86_64.whl", hash = "sha256:a78b4b3345f1b6f68a763c6e25c0c9a23a9fd0f39f5f3d200efe8feda560a5fa", size = 38569931, upload-time = "2024-05-23T03:20:01.82Z" },
    { url = "https://files.pythonhosted.org/packages/d9/10/f9b43de37e5ed91facc0cfff31d45ed0104f359e4f9a68416cbf4e790241/scipy-1.13.1-cp311-cp311-musllinux_1_1_x86_64.whl", hash = "sha256:45484bee6d65633752c490404513b9ef02475b4284c4cfab0ef946def50b3f59", size = 38838145, upload-time = "2024-05-23T03:20:09.173Z" },
    { url = "https://files.pythonhosted.org/packages/4a/48/4513a1a5623a23e95f94abd675ed91cfb19989c58e9f6f7d03990f6caf3d/scipy-1.13.1-cp311-cp311-win_amd64.whl", hash = "sha256:5713f62f781eebd8d597eb3f88b8bf9274e79eeabf63afb4a737abc6c84ad37b", size = 46196227, upload-time = "2024-05-23T03:20:16.433Z" },
    { url = "https://files.pythonhosted.org/packages/f2/7b/fb6b46fbee30fc7051913068758414f2721003a89dd9a707ad49174e3843/scipy-1.13.1-cp312-cp312-macosx_10_9_x86_64.whl", hash = "sha256:5d72782f39716b2b3509cd7c33cdc08c96f2f4d2b06d51e52fb45a19ca0c86a1", size = 39357301, upload-time = "2024-05-23T03:20:23.538Z" },
    { url = "https://files.pythonhosted.org/packages/dc/5a/2043a3bde1443d94014aaa41e0b50c39d046dda8360abd3b2a1d3f79907d/scipy-1.13.1-cp312-cp312-macosx_12_0_arm64.whl", hash = "sha256:017367484ce5498445aade74b1d5ab377acdc65e27095155e448c88497755a5d", size = 30363348, upload-time = "2024-05-23T03:20:29.885Z" },
    { url = "https://files.pythonhosted.org/packages/e7/cb/26e4a47364bbfdb3b7fb3363be6d8a1c543bcd70a7753ab397350f5f189a/scipy-1.13.1-cp312-cp312-manylinux_2_17_aarch64.manylinux2014_aarch64.whl", hash = "sha256:949ae67db5fa78a86e8fa644b9a6b07252f449dcf74247108c50e1d20d2b4627", size = 33406062, upload-time = "2024-05-23T03:20:36.012Z" },
    { url = "https://files.pythonhosted.org/packages/88/ab/6ecdc526d509d33814835447bbbeedbebdec7cca46ef495a61b00a35b4bf/scipy-1.13.1-cp312-cp312-manylinux_2_17_x86_64.manylinux2014_x86_64.whl", hash = "sha256:de3ade0e53bc1f21358aa74ff4830235d716211d7d077e340c7349bc3542e884", size = 38218311, upload-time = "2024-05-23T03:20:42.086Z" },
    { url = "https://files.pythonhosted.org/packages/0b/00/9f54554f0f8318100a71515122d8f4f503b1a2c4b4cfab3b4b68c0eb08fa/scipy-1.13.1-cp312-cp312-musllinux_1_1_x86_64.whl", hash = "sha256:2ac65fb503dad64218c228e2dc2d0a0193f7904747db43014645ae139c8fad16", size = 38442493, upload-time = "2024-05-23T03:20:48.292Z" },
    { url = "https://files.pythonhosted.org/packages/3e/df/963384e90733e08eac978cd103c34df181d1fec424de383cdc443f418dd4/scipy-1.13.1-cp312-cp312-win_amd64.whl", hash = "sha256:cdd7dacfb95fea358916410ec61bbc20440f7860333aee6d882bb8046264e949", size = 45910955, upload-time = "2024-05-23T03:20:55.091Z" },
    { url = "https://files.pythonhosted.org/packages/7f/29/c2ea58c9731b9ecb30b6738113a95d147e83922986b34c685b8f6eefde21/scipy-1.13.1-cp39-cp39-macosx_10_9_x86_64.whl", hash = "sha256:436bbb42a94a8aeef855d755ce5a465479c721e9d684de76bf61a62e7c2b81d5", size = 39352927, upload-time = "2024-05-23T03:21:01.95Z" },
    { url = "https://files.pythonhosted.org/packages/5c/c0/e71b94b20ccf9effb38d7147c0064c08c622309fd487b1b677771a97d18c/scipy-1.13.1-cp39-cp39-macosx_12_0_arm64.whl", hash = "sha256:8335549ebbca860c52bf3d02f80784e91a004b71b059e3eea9678ba994796a24", size = 30324538, upload-time = "2024-05-23T03:21:07.634Z" },
    { url = "https://files.pythonhosted.org/packages/6d/0f/aaa55b06d474817cea311e7b10aab2ea1fd5d43bc6a2861ccc9caec9f418/scipy-1.13.1-cp39-cp39-manylinux_2_17_aarch64.manylinux2014_aarch64.whl", hash = "sha256:d533654b7d221a6a97304ab63c41c96473ff04459e404b83275b60aa8f4b7004", size = 33732190, upload-time = "2024-05-23T03:21:14.41Z" },
    { url = "https://files.pythonhosted.org/packages/35/f5/d0ad1a96f80962ba65e2ce1de6a1e59edecd1f0a7b55990ed208848012e0/scipy-1.13.1-cp39-cp39-manylinux_2_17_x86_64.manylinux2014_x86_64.whl", hash = "sha256:637e98dcf185ba7f8e663e122ebf908c4702420477ae52a04f9908707456ba4d", size = 38612244, upload-time = "2024-05-23T03:21:21.827Z" },
    { url = "https://files.pythonhosted.org/packages/8d/02/1165905f14962174e6569076bcc3315809ae1291ed14de6448cc151eedfd/scipy-1.13.1-cp39-cp39-musllinux_1_1_x86_64.whl", hash = "sha256:a014c2b3697bde71724244f63de2476925596c24285c7a637364761f8710891c", size = 38845637, upload-time = "2024-05-23T03:21:28.729Z" },
    { url = "https://files.pythonhosted.org/packages/3e/77/dab54fe647a08ee4253963bcd8f9cf17509c8ca64d6335141422fe2e2114/scipy-1.13.1-cp39-cp39-win_amd64.whl", hash = "sha256:392e4ec766654852c25ebad4f64e4e584cf19820b980bc04960bca0b0cd6eaa2", size = 46227440, upload-time = "2024-05-23T03:21:35.888Z" },
]

[[package]]
name = "threadpoolctl"
version = "3.6.0"
source = { registry = "https://pypi.org/simple" }
sdist = { url = "https://files.pythonhosted.org/packages/b7/4d/08c89e34946fce2aec4fbb45c9016efd5f4d7f24af8e5d93296e935631d8/threadpoolctl-3.6.0.tar.gz", hash = "sha256:8ab8b4aa3491d812b623328249fab5302a68d2d71745c8a4c719a2fcaba9f44e", size = 21274, upload-time = "2025-03-13T13:49:23.031Z" }
wheels = [
    { url = "https://files.pythonhosted.org/packages/32/d5/f9a850d79b0851d1d4ef6456097579a9005b31fea68726a4ae5f2d82ddd9/threadpoolctl-3.6.0-py3-none-any.whl", hash = "sha256:43a0b8fd5a2928500110039e43a5eed8480b918967083ea48dc3ab9f13c4a7fb", size = 18638, upload-time = "2025-03-13T13:49:21.846Z" },
]
